
Microsoft Visual Studio Solution File, Format Version 12.00
# Visual Studio Version 17
VisualStudioVersion = 17.4.33213.308
MinimumVisualStudioVersion = 10.0.40219.1
Project("{FAE04EC0-301F-11D3-BF4B-00C04F79EFBC}") = "winform-app", "winform-app\winform-app.csproj", "{C20DC864-0839-430F-BDFD-AA24F688E06F}"
EndProject
Project("{FAE04EC0-301F-11D3-BF4B-00C04F79EFBC}") = "dominio", "dominio\dominio.csproj", "{07FB780E-D965-452B-A42D-997DAAD13939}"
EndProject
Project("{FAE04EC0-301F-11D3-BF4B-00C04F79EFBC}") = "negocio", "negocio\negocio.csproj", "{0D69D3C5-4BB8-4B90-B509-9D5B733282D7}"
EndProject
Global
	GlobalSection(SolutionConfigurationPlatforms) = preSolution
		Debug|Any CPU = Debug|Any CPU
		Release|Any CPU = Release|Any CPU
	EndGlobalSection
	GlobalSection(ProjectConfigurationPlatforms) = postSolution
		{C20DC864-0839-430F-BDFD-AA24F688E06F}.Debug|Any CPU.ActiveCfg = Debug|Any CPU
		{C20DC864-0839-430F-BDFD-AA24F688E06F}.Debug|Any CPU.Build.0 = Debug|Any CPU
		{C20DC864-0839-430F-BDFD-AA24F688E06F}.Release|Any CPU.ActiveCfg = Release|Any CPU
		{C20DC864-0839-430F-BDFD-AA24F688E06F}.Release|Any CPU.Build.0 = Release|Any CPU
		{07FB780E-D965-452B-A42D-997DAAD13939}.Debug|Any CPU.ActiveCfg = Debug|Any CPU
		{07FB780E-D965-452B-A42D-997DAAD13939}.Debug|Any CPU.Build.0 = Debug|Any CPU
		{07FB780E-D965-452B-A42D-997DAAD13939}.Release|Any CPU.ActiveCfg = Release|Any CPU
		{07FB780E-D965-452B-A42D-997DAAD13939}.Release|Any CPU.Build.0 = Release|Any CPU
		{0D69D3C5-4BB8-4B90-B509-9D5B733282D7}.Debug|Any CPU.ActiveCfg = Debug|Any CPU
		{0D69D3C5-4BB8-4B90-B509-9D5B733282D7}.Debug|Any CPU.Build.0 = Debug|Any CPU
		{0D69D3C5-4BB8-4B90-B509-9D5B733282D7}.Release|Any CPU.ActiveCfg = Release|Any CPU
		{0D69D3C5-4BB8-4B90-B509-9D5B733282D7}.Release|Any CPU.Build.0 = Release|Any CPU
	EndGlobalSection
	GlobalSection(SolutionProperties) = preSolution
		HideSolutionNode = FALSE
	EndGlobalSection
	GlobalSection(ExtensibilityGlobals) = postSolution
		SolutionGuid = {34F3C972-8BBC-4038-BD56-2B2AF553DF42}
	EndGlobalSection
EndGlobal
